Microsoft Visual Studio Solution File, Format Version 12.00
# Visual Studio 2012
Project("{8BC9CEB8-8B4A-11D0-8D11-00A0C91BC942}") = "ALL_BUILD", "ALL_BUILD.vcxproj", "{3FD52658-F8D6-4D10-BB89-BE1704C86EDD}"
	ProjectSection(ProjectDependencies) = postProject
		{B543E99A-77FF-4A09-A3F7-94EF60B52E7D} = {B543E99A-77FF-4A09-A3F7-94EF60B52E7D}
		{57063C98-8EFA-44B5-AD29-453B7CE0FF35} = {57063C98-8EFA-44B5-AD29-453B7CE0FF35}
		{708272FD-3386-44B1-BBA5-BA7AB860F914} = {708272FD-3386-44B1-BBA5-BA7AB860F914}
		{50AB343F-ADED-4C81-AEC3-7F7988AD1433} = {50AB343F-ADED-4C81-AEC3-7F7988AD1433}
		{B6FEA929-EE2A-4A68-BA15-68E2E8049DE7} = {B6FEA929-EE2A-4A68-BA15-68E2E8049DE7}
		{AFB1EB79-DEEB-4682-B48F-2210D66E49F4} = {AFB1EB79-DEEB-4682-B48F-2210D66E49F4}
	EndProjectSection
EndProject
Project("{8BC9CEB8-8B4A-11D0-8D11-00A0C91BC942}") = "INSTALL", "INSTALL.vcxproj", "{488C45F1-A434-4A7A-A785-B1629A4CA5DC}"
	ProjectSection(ProjectDependencies) = postProject
		{3FD52658-F8D6-4D10-BB89-BE1704C86EDD} = {3FD52658-F8D6-4D10-BB89-BE1704C86EDD}
	EndProjectSection
EndProject
Project("{8BC9CEB8-8B4A-11D0-8D11-00A0C91BC942}") = "RUN_TESTS", "RUN_TESTS.vcxproj", "{C99F7816-1EBF-40ED-B2E8-EAB9C262A823}"
	ProjectSection(ProjectDependencies) = postProject
	EndProjectSection
EndProject
Project("{8BC9CEB8-8B4A-11D0-8D11-00A0C91BC942}") = "ZERO_CHECK", "ZERO_CHECK.vcxproj", "{B543E99A-77FF-4A09-A3F7-94EF60B52E7D}"
	ProjectSection(ProjectDependencies) = postProject
	EndProjectSection
EndProject
Project("{8BC9CEB8-8B4A-11D0-8D11-00A0C91BC942}") = "parse", "util\parse.vcxproj", "{57063C98-8EFA-44B5-AD29-453B7CE0FF35}"
	ProjectSection(ProjectDependencies) = postProject
		{B543E99A-77FF-4A09-A3F7-94EF60B52E7D} = {B543E99A-77FF-4A09-A3F7-94EF60B52E7D}
		{AFB1EB79-DEEB-4682-B48F-2210D66E49F4} = {AFB1EB79-DEEB-4682-B48F-2210D66E49F4}
	EndProjectSection
EndProject
Project("{8BC9CEB8-8B4A-11D0-8D11-00A0C91BC942}") = "read", "util\read.vcxproj", "{708272FD-3386-44B1-BBA5-BA7AB860F914}"
	ProjectSection(ProjectDependencies) = postProject
		{B543E99A-77FF-4A09-A3F7-94EF60B52E7D} = {B543E99A-77FF-4A09-A3F7-94EF60B52E7D}
		{AFB1EB79-DEEB-4682-B48F-2210D66E49F4} = {AFB1EB79-DEEB-4682-B48F-2210D66E49F4}
	EndProjectSection
EndProject
Project("{8BC9CEB8-8B4A-11D0-8D11-00A0C91BC942}") = "run-tests", "test\run-tests.vcxproj", "{50AB343F-ADED-4C81-AEC3-7F7988AD1433}"
	ProjectSection(ProjectDependencies) = postProject
		{B543E99A-77FF-4A09-A3F7-94EF60B52E7D} = {B543E99A-77FF-4A09-A3F7-94EF60B52E7D}
		{AFB1EB79-DEEB-4682-B48F-2210D66E49F4} = {AFB1EB79-DEEB-4682-B48F-2210D66E49F4}
	EndProjectSection
EndProject
Project("{8BC9CEB8-8B4A-11D0-8D11-00A0C91BC942}") = "sandbox", "util\sandbox.vcxproj", "{B6FEA929-EE2A-4A68-BA15-68E2E8049DE7}"
	ProjectSection(ProjectDependencies) = postProject
		{B543E99A-77FF-4A09-A3F7-94EF60B52E7D} = {B543E99A-77FF-4A09-A3F7-94EF60B52E7D}
		{AFB1EB79-DEEB-4682-B48F-2210D66E49F4} = {AFB1EB79-DEEB-4682-B48F-2210D66E49F4}
	EndProjectSection
EndProject
Project("{8BC9CEB8-8B4A-11D0-8D11-00A0C91BC942}") = "yaml-cpp", "yaml-cpp.vcxproj", "{AFB1EB79-DEEB-4682-B48F-2210D66E49F4}"
	ProjectSection(ProjectDependencies) = postProject
		{B543E99A-77FF-4A09-A3F7-94EF60B52E7D} = {B543E99A-77FF-4A09-A3F7-94EF60B52E7D}
	EndProjectSection
EndProject
Global
	GlobalSection(SolutionConfigurationPlatforms) = preSolution
		Debug|Win32 = Debug|Win32
		Release|Win32 = Release|Win32
		MinSizeRel|Win32 = MinSizeRel|Win32
		RelWithDebInfo|Win32 = RelWithDebInfo|Win32
	EndGlobalSection
	GlobalSection(ProjectConfigurationPlatforms) = postSolution
		{3FD52658-F8D6-4D10-BB89-BE1704C86EDD}.Debug|Win32.ActiveCfg = Debug|Win32
		{3FD52658-F8D6-4D10-BB89-BE1704C86EDD}.Debug|Win32.Build.0 = Debug|Win32
		{3FD52658-F8D6-4D10-BB89-BE1704C86EDD}.Release|Win32.ActiveCfg = Release|Win32
		{3FD52658-F8D6-4D10-BB89-BE1704C86EDD}.Release|Win32.Build.0 = Release|Win32
		{3FD52658-F8D6-4D10-BB89-BE1704C86EDD}.MinSizeRel|Win32.ActiveCfg = MinSizeRel|Win32
		{3FD52658-F8D6-4D10-BB89-BE1704C86EDD}.MinSizeRel|Win32.Build.0 = MinSizeRel|Win32
		{3FD52658-F8D6-4D10-BB89-BE1704C86EDD}.RelWithDebInfo|Win32.ActiveCfg = RelWithDebInfo|Win32
		{3FD52658-F8D6-4D10-BB89-BE1704C86EDD}.RelWithDebInfo|Win32.Build.0 = RelWithDebInfo|Win32
		{488C45F1-A434-4A7A-A785-B1629A4CA5DC}.Debug|Win32.ActiveCfg = Debug|Win32
		{488C45F1-A434-4A7A-A785-B1629A4CA5DC}.Release|Win32.ActiveCfg = Release|Win32
		{488C45F1-A434-4A7A-A785-B1629A4CA5DC}.MinSizeRel|Win32.ActiveCfg = MinSizeRel|Win32
		{488C45F1-A434-4A7A-A785-B1629A4CA5DC}.RelWithDebInfo|Win32.ActiveCfg = RelWithDebInfo|Win32
		{C99F7816-1EBF-40ED-B2E8-EAB9C262A823}.Debug|Win32.ActiveCfg = Debug|Win32
		{C99F7816-1EBF-40ED-B2E8-EAB9C262A823}.Release|Win32.ActiveCfg = Release|Win32
		{C99F7816-1EBF-40ED-B2E8-EAB9C262A823}.MinSizeRel|Win32.ActiveCfg = MinSizeRel|Win32
		{C99F7816-1EBF-40ED-B2E8-EAB9C262A823}.RelWithDebInfo|Win32.ActiveCfg = RelWithDebInfo|Win32
		{B543E99A-77FF-4A09-A3F7-94EF60B52E7D}.Debug|Win32.ActiveCfg = Debug|Win32
		{B543E99A-77FF-4A09-A3F7-94EF60B52E7D}.Debug|Win32.Build.0 = Debug|Win32
		{B543E99A-77FF-4A09-A3F7-94EF60B52E7D}.Release|Win32.ActiveCfg = Release|Win32
		{B543E99A-77FF-4A09-A3F7-94EF60B52E7D}.Release|Win32.Build.0 = Release|Win32
		{B543E99A-77FF-4A09-A3F7-94EF60B52E7D}.MinSizeRel|Win32.ActiveCfg = MinSizeRel|Win32
		{B543E99A-77FF-4A09-A3F7-94EF60B52E7D}.MinSizeRel|Win32.Build.0 = MinSizeRel|Win32
		{B543E99A-77FF-4A09-A3F7-94EF60B52E7D}.RelWithDebInfo|Win32.ActiveCfg = RelWithDebInfo|Win32
		{B543E99A-77FF-4A09-A3F7-94EF60B52E7D}.RelWithDebInfo|Win32.Build.0 = RelWithDebInfo|Win32
		{57063C98-8EFA-44B5-AD29-453B7CE0FF35}.Debug|Win32.ActiveCfg = Debug|Win32
		{57063C98-8EFA-44B5-AD29-453B7CE0FF35}.Debug|Win32.Build.0 = Debug|Win32
		{57063C98-8EFA-44B5-AD29-453B7CE0FF35}.Release|Win32.ActiveCfg = Release|Win32
		{57063C98-8EFA-44B5-AD29-453B7CE0FF35}.Release|Win32.Build.0 = Release|Win32
		{57063C98-8EFA-44B5-AD29-453B7CE0FF35}.MinSizeRel|Win32.ActiveCfg = MinSizeRel|Win32
		{57063C98-8EFA-44B5-AD29-453B7CE0FF35}.MinSizeRel|Win32.Build.0 = MinSizeRel|Win32
		{57063C98-8EFA-44B5-AD29-453B7CE0FF35}.RelWithDebInfo|Win32.ActiveCfg = RelWithDebInfo|Win32
		{57063C98-8EFA-44B5-AD29-453B7CE0FF35}.RelWithDebInfo|Win32.Build.0 = RelWithDebInfo|Win32
		{708272FD-3386-44B1-BBA5-BA7AB860F914}.Debug|Win32.ActiveCfg = Debug|Win32
		{708272FD-3386-44B1-BBA5-BA7AB860F914}.Debug|Win32.Build.0 = Debug|Win32
		{708272FD-3386-44B1-BBA5-BA7AB860F914}.Release|Win32.ActiveCfg = Release|Win32
		{708272FD-3386-44B1-BBA5-BA7AB860F914}.Release|Win32.Build.0 = Release|Win32
		{708272FD-3386-44B1-BBA5-BA7AB860F914}.MinSizeRel|Win32.ActiveCfg = MinSizeRel|Win32
		{708272FD-3386-44B1-BBA5-BA7AB860F914}.MinSizeRel|Win32.Build.0 = MinSizeRel|Win32
		{708272FD-3386-44B1-BBA5-BA7AB860F914}.RelWithDebInfo|Win32.ActiveCfg = RelWithDebInfo|Win32
		{708272FD-3386-44B1-BBA5-BA7AB860F914}.RelWithDebInfo|Win32.Build.0 = RelWithDebInfo|Win32
		{50AB343F-ADED-4C81-AEC3-7F7988AD1433}.Debug|Win32.ActiveCfg = Debug|Win32
		{50AB343F-ADED-4C81-AEC3-7F7988AD1433}.Debug|Win32.Build.0 = Debug|Win32
		{50AB343F-ADED-4C81-AEC3-7F7988AD1433}.Release|Win32.ActiveCfg = Release|Win32
		{50AB343F-ADED-4C81-AEC3-7F7988AD1433}.Release|Win32.Build.0 = Release|Win32
		{50AB343F-ADED-4C81-AEC3-7F7988AD1433}.MinSizeRel|Win32.ActiveCfg = MinSizeRel|Win32
		{50AB343F-ADED-4C81-AEC3-7F7988AD1433}.MinSizeRel|Win32.Build.0 = MinSizeRel|Win32
		{50AB343F-ADED-4C81-AEC3-7F7988AD1433}.RelWithDebInfo|Win32.ActiveCfg = RelWithDebInfo|Win32
		{50AB343F-ADED-4C81-AEC3-7F7988AD1433}.RelWithDebInfo|Win32.Build.0 = RelWithDebInfo|Win32
		{B6FEA929-EE2A-4A68-BA15-68E2E8049DE7}.Debug|Win32.ActiveCfg = Debug|Win32
		{B6FEA929-EE2A-4A68-BA15-68E2E8049DE7}.Debug|Win32.Build.0 = Debug|Win32
		{B6FEA929-EE2A-4A68-BA15-68E2E8049DE7}.Release|Win32.ActiveCfg = Release|Win32
		{B6FEA929-EE2A-4A68-BA15-68E2E8049DE7}.Release|Win32.Build.0 = Release|Win32
		{B6FEA929-EE2A-4A68-BA15-68E2E8049DE7}.MinSizeRel|Win32.ActiveCfg = MinSizeRel|Win32
		{B6FEA929-EE2A-4A68-BA15-68E2E8049DE7}.MinSizeRel|Win32.Build.0 = MinSizeRel|Win32
		{B6FEA929-EE2A-4A68-BA15-68E2E8049DE7}.RelWithDebInfo|Win32.ActiveCfg = RelWithDebInfo|Win32
		{B6FEA929-EE2A-4A68-BA15-68E2E8049DE7}.RelWithDebInfo|Win32.Build.0 = RelWithDebInfo|Win32
		{AFB1EB79-DEEB-4682-B48F-2210D66E49F4}.Debug|Win32.ActiveCfg = Debug|Win32
		{AFB1EB79-DEEB-4682-B48F-2210D66E49F4}.Debug|Win32.Build.0 = Debug|Win32
		{AFB1EB79-DEEB-4682-B48F-2210D66E49F4}.Release|Win32.ActiveCfg = Release|Win32
		{AFB1EB79-DEEB-4682-B48F-2210D66E49F4}.Release|Win32.Build.0 = Release|Win32
		{AFB1EB79-DEEB-4682-B48F-2210D66E49F4}.MinSizeRel|Win32.ActiveCfg = MinSizeRel|Win32
		{AFB1EB79-DEEB-4682-B48F-2210D66E49F4}.MinSizeRel|Win32.Build.0 = MinSizeRel|Win32
		{AFB1EB79-DEEB-4682-B48F-2210D66E49F4}.RelWithDebInfo|Win32.ActiveCfg = RelWithDebInfo|Win32
		{AFB1EB79-DEEB-4682-B48F-2210D66E49F4}.RelWithDebInfo|Win32.Build.0 = RelWithDebInfo|Win32
	EndGlobalSection
	GlobalSection(ExtensibilityGlobals) = postSolution
	EndGlobalSection
	GlobalSection(ExtensibilityAddIns) = postSolution
	EndGlobalSection
EndGlobal
